// !$*UTF8*$!
{
	archiveVersion = 1;
	classes = {
	};
	objectVersion = 77;
	objects = {

/* Begin PBXBuildFile section */
		038A6257F9F828F27AB9FC51 /* LibraryView.swift in Sources */ = {isa = PBXBuildFile; fileRef = E5A8091EEE55013E553A518A /* LibraryView.swift */; };
		1BC15C91A1C2E00218969B60 /* TonePlayer.swift in Sources */ = {isa = PBXBuildFile; fileRef = 2F7E6CCD1B31618C1B1B69E9 /* TonePlayer.swift */; };
		2E4D6610280C0809FFBD35B4 /* TrackLibrary.swift in Sources */ = {isa = PBXBuildFile; fileRef = EFF0EFA676267FAD2F29092A /* TrackLibrary.swift */; };
		4218216A06C204B85F3EC1D5 /* RangeFinderModel.swift in Sources */ = {isa = PBXBuildFile; fileRef = BA12FA01879EB7118DCA1A93 /* RangeFinderModel.swift */; };
		49E2BA3C363277ED4CB0315C /* EarModel.swift in Sources */ = {isa = PBXBuildFile; fileRef = 23F065C0D65A64A487B741C5 /* EarModel.swift */; };
		4FE033B3F09CA38C6BCAE9A9 /* RecallView.swift in Sources */ = {isa = PBXBuildFile; fileRef = 9342F7162A75633C3D207CF1 /* RecallView.swift */; };
		5214047A20B5CC89A141C520 /* TrackModels.swift in Sources */ = {isa = PBXBuildFile; fileRef = 8FC6A90917DCDF1672CAFAB3 /* TrackModels.swift */; };
		54400838F22573740BBCB0BB /* RecallModel.swift in Sources */ = {isa = PBXBuildFile; fileRef = B09C67A07F93A54F39B1B767 /* RecallModel.swift */; };
		584EC4B8C191E5CC15E0F34A /* QuizView.swift in Sources */ = {isa = PBXBuildFile; fileRef = F8F051E146920D0966775437 /* QuizView.swift */; };
		7B08CB4DD57D8B753DDA2E25 /* HeldApp.swift in Sources */ = {isa = PBXBuildFile; fileRef = 25E08C8DA2F0857061969F16 /* HeldApp.swift */; };
		7CAD846F0BEAF22EB20CC98D /* YIN.swift in Sources */ = {isa = PBXBuildFile; fileRef = 70665102539D1C1019AC353D /* YIN.swift */; };
		819855E0F015458DE5B9C7EB /* PitchEngine.swift in Sources */ = {isa = PBXBuildFile; fileRef = F7914B3F9D00CC40B977FB5F /* PitchEngine.swift */; };
		9713D911B6C5977D2967586C /* IntervalModel.swift in Sources */ = {isa = PBXBuildFile; fileRef = CF29D46DA940091CB78D046C /* IntervalModel.swift */; };
		A467EC62AACCB20A6B5B850E /* ContentView.swift in Sources */ = {isa = PBXBuildFile; fileRef = D5C1F8A06C2F3A57793AE7A5 /* ContentView.swift */; };
		B332150171251C9B7B1E308A /* EarView.swift in Sources */ = {isa = PBXBuildFile; fileRef = 1A6C891FAF559CEBEA702C64 /* EarView.swift */; };
		B6B9B124AA0C76D001A30530 /* IntervalView.swift in Sources */ = {isa = PBXBuildFile; fileRef = 370B215F64939D0209B25DF3 /* IntervalView.swift */; };
		C51F68C753865FFE1AE7879F /* Secrets.swift in Sources */ = {isa = PBXBuildFile; fileRef = F254EB618FA46D39546DBCE4 /* Secrets.swift */; };
		D577D521FE3E7B33ACC3D866 /* SongPracticeView.swift in Sources */ = {isa = PBXBuildFile; fileRef = F9CAB623015C78132D0F22E7 /* SongPracticeView.swift */; };
		E651A1A62A87FA2DFD7FC12E /* SongModel.swift in Sources */ = {isa = PBXBuildFile; fileRef = BCFFC18F6444E41CC9B0998F /* SongModel.swift */; };
		E77B039773C1E2A2F3C14F3F /* QuizModel.swift in Sources */ = {isa = PBXBuildFile; fileRef = C13323DF0A33298BAF120C4B /* QuizModel.swift */; };
		EA630700A36F7BAA75A835E3 /* Keychain.swift in Sources */ = {isa = PBXBuildFile; fileRef = 6C76CF2423383181C70D93D6 /* Keychain.swift */; };
		F0F06E9A2D1CB63DA9662C96 /* Assets.xcassets in Resources */ = {isa = PBXBuildFile; fileRef = EE3D50E6DAD917221931BCC7 /* Assets.xcassets */; };
		F65DAA54E23618D12F49EE78 /* RangeFinderView.swift in Sources */ = {isa = PBXBuildFile; fileRef = B8C70934EB10F1972898F0D9 /* RangeFinderView.swift */; };
/* End PBXBuildFile section */

/* Begin PBXFileReference section */
		1A6C891FAF559CEBEA702C64 /* EarView.swift */ = {isa = PBXFileReference; lastKnownFileType = sourcecode.swift; path = EarView.swift; sourceTree = "<group>"; };
		23F065C0D65A64A487B741C5 /* EarModel.swift */ = {isa = PBXFileReference; lastKnownFileType = sourcecode.swift; path = EarModel.swift; sourceTree = "<group>"; };
		25E08C8DA2F0857061969F16 /* HeldApp.swift */ = {isa = PBXFileReference; lastKnownFileType = sourcecode.swift; path = HeldApp.swift; sourceTree = "<group>"; };
		2F7E6CCD1B31618C1B1B69E9 /* TonePlayer.swift */ = {isa = PBXFileReference; lastKnownFileType = sourcecode.swift; path = TonePlayer.swift; sourceTree = "<group>"; };
		370B215F64939D0209B25DF3 /* IntervalView.swift */ = {isa = PBXFileReference; lastKnownFileType = sourcecode.swift; path = IntervalView.swift; sourceTree = "<group>"; };
		6C76CF2423383181C70D93D6 /* Keychain.swift */ = {isa = PBXFileReference; lastKnownFileType = sourcecode.swift; path = Keychain.swift; sourceTree = "<group>"; };
		6F240256A9CF8B9F8B87588A /* Info.plist */ = {isa = PBXFileReference; lastKnownFileType = text.plist; path = Info.plist; sourceTree = "<group>"; };
		70665102539D1C1019AC353D /* YIN.swift */ = {isa = PBXFileReference; lastKnownFileType = sourcecode.swift; path = YIN.swift; sourceTree = "<group>"; };
		8FC6A90917DCDF1672CAFAB3 /* TrackModels.swift */ = {isa = PBXFileReference; lastKnownFileType = sourcecode.swift; path = TrackModels.swift; sourceTree = "<group>"; };
		9342F7162A75633C3D207CF1 /* RecallView.swift */ = {isa = PBXFileReference; lastKnownFileType = sourcecode.swift; path = RecallView.swift; sourceTree = "<group>"; };
		A0D0E2D9E1BED7DE6B42DC12 /* Held.app */ = {isa = PBXFileReference; includeInIndex = 0; lastKnownFileType = wrapper.application; path = Held.app; sourceTree = BUILT_PRODUCTS_DIR; };
		B09C67A07F93A54F39B1B767 /* RecallModel.swift */ = {isa = PBXFileReference; lastKnownFileType = sourcecode.swift; path = RecallModel.swift; sourceTree = "<group>"; };
		B8C70934EB10F1972898F0D9 /* RangeFinderView.swift */ = {isa = PBXFileReference; lastKnownFileType = sourcecode.swift; path = RangeFinderView.swift; sourceTree = "<group>"; };
		BA12FA01879EB7118DCA1A93 /* RangeFinderModel.swift */ = {isa = PBXFileReference; lastKnownFileType = sourcecode.swift; path = RangeFinderModel.swift; sourceTree = "<group>"; };
		BCFFC18F6444E41CC9B0998F /* SongModel.swift */ = {isa = PBXFileReference; lastKnownFileType = sourcecode.swift; path = SongModel.swift; sourceTree = "<group>"; };
		C13323DF0A33298BAF120C4B /* QuizModel.swift */ = {isa = PBXFileReference; lastKnownFileType = sourcecode.swift; path = QuizModel.swift; sourceTree = "<group>"; };
		CF29D46DA940091CB78D046C /* IntervalModel.swift */ = {isa = PBXFileReference; lastKnownFileType = sourcecode.swift; path = IntervalModel.swift; sourceTree = "<group>"; };
		D5C1F8A06C2F3A57793AE7A5 /* ContentView.swift */ = {isa = PBXFileReference; lastKnownFileType = sourcecode.swift; path = ContentView.swift; sourceTree = "<group>"; };
		E5A8091EEE55013E553A518A /* LibraryView.swift */ = {isa = PBXFileReference; lastKnownFileType = sourcecode.swift; path = LibraryView.swift; sourceTree = "<group>"; };
		EE3D50E6DAD917221931BCC7 /* Assets.xcassets */ = {isa = PBXFileReference; lastKnownFileType = folder.assetcatalog; path = Assets.xcassets; sourceTree = "<group>"; };
		EFF0EFA676267FAD2F29092A /* TrackLibrary.swift */ = {isa = PBXFileReference; lastKnownFileType = sourcecode.swift; path = TrackLibrary.swift; sourceTree = "<group>"; };
		F254EB618FA46D39546DBCE4 /* Secrets.swift */ = {isa = PBXFileReference; lastKnownFileType = sourcecode.swift; path = Secrets.swift; sourceTree = "<group>"; };
		F7914B3F9D00CC40B977FB5F /* PitchEngine.swift */ = {isa = PBXFileReference; lastKnownFileType = sourcecode.swift; path = PitchEngine.swift; sourceTree = "<group>"; };
		F8F051E146920D0966775437 /* QuizView.swift */ = {isa = PBXFileReference; lastKnownFileType = sourcecode.swift; path = QuizView.swift; sourceTree = "<group>"; };
		F9CAB623015C78132D0F22E7 /* SongPracticeView.swift */ = {isa = PBXFileReference; lastKnownFileType = sourcecode.swift; path = SongPracticeView.swift; sourceTree = "<group>"; };
/* End PBXFileReference section */

/* Begin PBXGroup section */
		AFA565292A5102F3F5FEB969 /* Held */ = {
			isa = PBXGroup;
			children = (
				EE3D50E6DAD917221931BCC7 /* Assets.xcassets */,
				D5C1F8A06C2F3A57793AE7A5 /* ContentView.swift */,
				23F065C0D65A64A487B741C5 /* EarModel.swift */,
				1A6C891FAF559CEBEA702C64 /* EarView.swift */,
				25E08C8DA2F0857061969F16 /* HeldApp.swift */,
				6F240256A9CF8B9F8B87588A /* Info.plist */,
				CF29D46DA940091CB78D046C /* IntervalModel.swift */,
				370B215F64939D0209B25DF3 /* IntervalView.swift */,
				6C76CF2423383181C70D93D6 /* Keychain.swift */,
				E5A8091EEE55013E553A518A /* LibraryView.swift */,
				F7914B3F9D00CC40B977FB5F /* PitchEngine.swift */,
				C13323DF0A33298BAF120C4B /* QuizModel.swift */,
				F8F051E146920D0966775437 /* QuizView.swift */,
				BA12FA01879EB7118DCA1A93 /* RangeFinderModel.swift */,
				B8C70934EB10F1972898F0D9 /* RangeFinderView.swift */,
				B09C67A07F93A54F39B1B767 /* RecallModel.swift */,
				9342F7162A75633C3D207CF1 /* RecallView.swift */,
				F254EB618FA46D39546DBCE4 /* Secrets.swift */,
				BCFFC18F6444E41CC9B0998F /* SongModel.swift */,
				F9CAB623015C78132D0F22E7 /* SongPracticeView.swift */,
				2F7E6CCD1B31618C1B1B69E9 /* TonePlayer.swift */,
				EFF0EFA676267FAD2F29092A /* TrackLibrary.swift */,
				8FC6A90917DCDF1672CAFAB3 /* TrackModels.swift */,
				70665102539D1C1019AC353D /* YIN.swift */,
			);
			path = Held;
			sourceTree = "<group>";
		};
		D3F078F47DE0ABE5597C6448 /* Products */ = {
			isa = PBXGroup;
			children = (
				A0D0E2D9E1BED7DE6B42DC12 /* Held.app */,
			);
			name = Products;
			sourceTree = "<group>";
		};
		DF7E80663BDF409786E035F2 = {
			isa = PBXGroup;
			children = (
				AFA565292A5102F3F5FEB969 /* Held */,
				D3F078F47DE0ABE5597C6448 /* Products */,
			);
			sourceTree = "<group>";
		};
/* End PBXGroup section */

/* Begin PBXNativeTarget section */
		2C32D3568A507547D55E7D79 /* Held */ = {
			isa = PBXNativeTarget;
			buildConfigurationList = 753D0D66AC0C254CFF9EC0E9 /* Build configuration list for PBXNativeTarget "Held" */;
			buildPhases = (
				B666DE365D163EA4085F3EF0 /* Sources */,
				6F548C9522A06718366001B4 /* Resources */,
			);
			buildRules = (
			);
			dependencies = (
			);
			name = Held;
			packageProductDependencies = (
			);
			productName = Held;
			productReference = A0D0E2D9E1BED7DE6B42DC12 /* Held.app */;
			productType = "com.apple.product-type.application";
		};
/* End PBXNativeTarget section */

/* Begin PBXProject section */
		CF4A823003050396249E20BE /* Project object */ = {
			isa = PBXProject;
			attributes = {
				BuildIndependentTargetsInParallel = YES;
				LastUpgradeCheck = 1430;
				TargetAttributes = {
				};
			};
			buildConfigurationList = FA9C0785D7FD11EF0C066CD7 /* Build configuration list for PBXProject "Held" */;
			developmentRegion = en;
			hasScannedForEncodings = 0;
			knownRegions = (
				Base,
				en,
			);
			mainGroup = DF7E80663BDF409786E035F2;
			minimizedProjectReferenceProxies = 1;
			preferredProjectObjectVersion = 77;
			productRefGroup = D3F078F47DE0ABE5597C6448 /* Products */;
			projectDirPath = "";
			projectRoot = "";
			targets = (
				2C32D3568A507547D55E7D79 /* Held */,
			);
		};
/* End PBXProject section */

/* Begin PBXResourcesBuildPhase section */
		6F548C9522A06718366001B4 /* Resources */ = {
			isa = PBXResourcesBuildPhase;
			buildActionMask = 2147483647;
			files = (
				F0F06E9A2D1CB63DA9662C96 /* Assets.xcassets in Resources */,
			);
			runOnlyForDeploymentPostprocessing = 0;
		};
/* End PBXResourcesBuildPhase section */

/* Begin PBXSourcesBuildPhase section */
		B666DE365D163EA4085F3EF0 /* Sources */ = {
			isa = PBXSourcesBuildPhase;
			buildActionMask = 2147483647;
			files = (
				A467EC62AACCB20A6B5B850E /* ContentView.swift in Sources */,
				49E2BA3C363277ED4CB0315C /* EarModel.swift in Sources */,
				B332150171251C9B7B1E308A /* EarView.swift in Sources */,
				7B08CB4DD57D8B753DDA2E25 /* HeldApp.swift in Sources */,
				9713D911B6C5977D2967586C /* IntervalModel.swift in Sources */,
				B6B9B124AA0C76D001A30530 /* IntervalView.swift in Sources */,
				EA630700A36F7BAA75A835E3 /* Keychain.swift in Sources */,
				038A6257F9F828F27AB9FC51 /* LibraryView.swift in Sources */,
				819855E0F015458DE5B9C7EB /* PitchEngine.swift in Sources */,
				E77B039773C1E2A2F3C14F3F /* QuizModel.swift in Sources */,
				584EC4B8C191E5CC15E0F34A /* QuizView.swift in Sources */,
				4218216A06C204B85F3EC1D5 /* RangeFinderModel.swift in Sources */,
				F65DAA54E23618D12F49EE78 /* RangeFinderView.swift in Sources */,
				54400838F22573740BBCB0BB /* RecallModel.swift in Sources */,
				4FE033B3F09CA38C6BCAE9A9 /* RecallView.swift in Sources */,
				C51F68C753865FFE1AE7879F /* Secrets.swift in Sources */,
				E651A1A62A87FA2DFD7FC12E /* SongModel.swift in Sources */,
				D577D521FE3E7B33ACC3D866 /* SongPracticeView.swift in Sources */,
				1BC15C91A1C2E00218969B60 /* TonePlayer.swift in Sources */,
				2E4D6610280C0809FFBD35B4 /* TrackLibrary.swift in Sources */,
				5214047A20B5CC89A141C520 /* TrackModels.swift in Sources */,
				7CAD846F0BEAF22EB20CC98D /* YIN.swift in Sources */,
			);
			runOnlyForDeploymentPostprocessing = 0;
		};
/* End PBXSourcesBuildPhase section */

/* Begin XCBuildConfiguration section */
		40D27E788074F23078FB571A /* Debug */ = {
			isa = XCBuildConfiguration;
			buildSettings = {
				ALWAYS_SEARCH_USER_PATHS = NO;
				CLANG_ANALYZER_NONNULL = YES;
				CLANG_ANALYZER_NUMBER_OBJECT_CONVERSION = YES_AGGRESSIVE;
				CLANG_CXX_LANGUAGE_STANDARD = "gnu++14";
				CLANG_CXX_LIBRARY = "libc++";
				CLANG_ENABLE_MODULES = YES;
				CLANG_ENABLE_OBJC_ARC = YES;
				CLANG_ENABLE_OBJC_WEAK = YES;
				CLANG_WARN_BLOCK_CAPTURE_AUTORELEASING = YES;
				CLANG_WARN_BOOL_CONVERSION = YES;
				CLANG_WARN_COMMA = YES;
				CLANG_WARN_CONSTANT_CONVERSION = YES;
				CLANG_WARN_DEPRECATED_OBJC_IMPLEMENTATIONS = YES;
				CLANG_WARN_DIRECT_OBJC_ISA_USAGE = YES_ERROR;
				CLANG_WARN_DOCUMENTATION_COMMENTS = YES;
				CLANG_WARN_EMPTY_BODY = YES;
				CLANG_WARN_ENUM_CONVERSION = YES;
				CLANG_WARN_INFINITE_RECURSION = YES;
				CLANG_WARN_INT_CONVERSION = YES;
				CLANG_WARN_NON_LITERAL_NULL_CONVERSION = YES;
				CLANG_WARN_OBJC_IMPLICIT_RETAIN_SELF = YES;
				CLANG_WARN_OBJC_LITERAL_CONVERSION = YES;
				CLANG_WARN_OBJC_ROOT_CLASS = YES_ERROR;
				CLANG_WARN_QUOTED_INCLUDE_IN_FRAMEWORK_HEADER = YES;
				CLANG_WARN_RANGE_LOOP_ANALYSIS = YES;
				CLANG_WARN_STRICT_PROTOTYPES = YES;
				CLANG_WARN_SUSPICIOUS_MOVE = YES;
				CLANG_WARN_UNGUARDED_AVAILABILITY = YES_AGGRESSIVE;
				CLANG_WARN_UNREACHABLE_CODE = YES;
				CLANG_WARN__DUPLICATE_METHOD_MATCH = YES;
				COPY_PHASE_STRIP = NO;
				DEBUG_INFORMATION_FORMAT = dwarf;
				ENABLE_STRICT_OBJC_MSGSEND = YES;
				ENABLE_TESTABILITY = YES;
				GCC_C_LANGUAGE_STANDARD = gnu11;
				GCC_DYNAMIC_NO_PIC = NO;
				GCC_NO_COMMON_BLOCKS = YES;
				GCC_OPTIMIZATION_LEVEL = 0;
				GCC_PREPROCESSOR_DEFINITIONS = (
					"$(inherited)",
					"DEBUG=1",
				);
				GCC_WARN_64_TO_32_BIT_CONVERSION = YES;
				GCC_WARN_ABOUT_RETURN_TYPE = YES_ERROR;
				GCC_WARN_UNDECLARED_SELECTOR = YES;
				GCC_WARN_UNINITIALIZED_AUTOS = YES_AGGRESSIVE;
				GCC_WARN_UNUSED_FUNCTION = YES;
				GCC_WARN_UNUSED_VARIABLE = YES;
				IPHONEOS_DEPLOYMENT_TARGET = 17.0;
				MTL_ENABLE_DEBUG_INFO = INCLUDE_SOURCE;
				MTL_FAST_MATH = YES;
				ONLY_ACTIVE_ARCH = YES;
				PRODUCT_NAME = "$(TARGET_NAME)";
				SDKROOT = iphoneos;
				SWIFT_ACTIVE_COMPILATION_CONDITIONS = DEBUG;
				SWIFT_OPTIMIZATION_LEVEL = "-Onone";
				SWIFT_VERSION = 5.0;
			};
			name = Debug;
		};
		5EADDAC6883C6C95EF7DC52F /* Release */ = {
			isa = XCBuildConfiguration;
			buildSettings = {
				ALWAYS_SEARCH_USER_PATHS = NO;
				CLANG_ANALYZER_NONNULL = YES;
				CLANG_ANALYZER_NUMBER_OBJECT_CONVERSION = YES_AGGRESSIVE;
				CLANG_CXX_LANGUAGE_STANDARD = "gnu++14";
				CLANG_CXX_LIBRARY = "libc++";
				CLANG_ENABLE_MODULES = YES;
				CLANG_ENABLE_OBJC_ARC = YES;
				CLANG_ENABLE_OBJC_WEAK = YES;
				CLANG_WARN_BLOCK_CAPTURE_AUTORELEASING = YES;
				CLANG_WARN_BOOL_CONVERSION = YES;
				CLANG_WARN_COMMA = YES;
				CLANG_WARN_CONSTANT_CONVERSION = YES;
				CLANG_WARN_DEPRECATED_OBJC_IMPLEMENTATIONS = YES;
				CLANG_WARN_DIRECT_OBJC_ISA_USAGE = YES_ERROR;
				CLANG_WARN_DOCUMENTATION_COMMENTS = YES;
				CLANG_WARN_EMPTY_BODY = YES;
				CLANG_WARN_ENUM_CONVERSION = YES;
				CLANG_WARN_INFINITE_RECURSION = YES;
				CLANG_WARN_INT_CONVERSION = YES;
				CLANG_WARN_NON_LITERAL_NULL_CONVERSION = YES;
				CLANG_WARN_OBJC_IMPLICIT_RETAIN_SELF = YES;
				CLANG_WARN_OBJC_LITERAL_CONVERSION = YES;
				CLANG_WARN_OBJC_ROOT_CLASS = YES_ERROR;
				CLANG_WARN_QUOTED_INCLUDE_IN_FRAMEWORK_HEADER = YES;
				CLANG_WARN_RANGE_LOOP_ANALYSIS = YES;
				CLANG_WARN_STRICT_PROTOTYPES = YES;
				CLANG_WARN_SUSPICIOUS_MOVE = YES;
				CLANG_WARN_UNGUARDED_AVAILABILITY = YES_AGGRESSIVE;
				CLANG_WARN_UNREACHABLE_CODE = YES;
				CLANG_WARN__DUPLICATE_METHOD_MATCH = YES;
				COPY_PHASE_STRIP = NO;
				DEBUG_INFORMATION_FORMAT = "dwarf-with-dsym";
				ENABLE_NS_ASSERTIONS = NO;
				ENABLE_STRICT_OBJC_MSGSEND = YES;
				GCC_C_LANGUAGE_STANDARD = gnu11;
				GCC_NO_COMMON_BLOCKS = YES;
				GCC_WARN_64_TO_32_BIT_CONVERSION = YES;
				GCC_WARN_ABOUT_RETURN_TYPE = YES_ERROR;
				GCC_WARN_UNDECLARED_SELECTOR = YES;
				GCC_WARN_UNINITIALIZED_AUTOS = YES_AGGRESSIVE;
				GCC_WARN_UNUSED_FUNCTION = YES;
				GCC_WARN_UNUSED_VARIABLE = YES;
				IPHONEOS_DEPLOYMENT_TARGET = 17.0;
				MTL_ENABLE_DEBUG_INFO = NO;
				MTL_FAST_MATH = YES;
				PRODUCT_NAME = "$(TARGET_NAME)";
				SDKROOT = iphoneos;
				SWIFT_COMPILATION_MODE = wholemodule;
				SWIFT_OPTIMIZATION_LEVEL = "-O";
				SWIFT_VERSION = 5.0;
			};
			name = Release;
		};
		B64C5486CED991875772158F /* Debug */ = {
			isa = XCBuildConfiguration;
			buildSettings = {
				ASSETCATALOG_COMPILER_APPICON_NAME = AppIcon;
				CODE_SIGN_IDENTITY = "iPhone Developer";
				CURRENT_PROJECT_VERSION = 1;
				GENERATE_INFOPLIST_FILE = NO;
				INFOPLIST_FILE = Held/Info.plist;
				IPHONEOS_DEPLOYMENT_TARGET = 17.0;
				LD_RUNPATH_SEARCH_PATHS = (
					"$(inherited)",
					"@executable_path/Frameworks",
				);
				MARKETING_VERSION = 0.1.0;
				PRODUCT_BUNDLE_IDENTIFIER = com.srijak.held;
				SDKROOT = iphoneos;
				SWIFT_VERSION = 5.9;
				TARGETED_DEVICE_FAMILY = 1;
			};
			name = Debug;
		};
		DF195472EE30CF7ED04CD14D /* Release */ = {
			isa = XCBuildConfiguration;
			buildSettings = {
				ASSETCATALOG_COMPILER_APPICON_NAME = AppIcon;
				CODE_SIGN_IDENTITY = "iPhone Developer";
				CURRENT_PROJECT_VERSION = 1;
				GENERATE_INFOPLIST_FILE = NO;
				INFOPLIST_FILE = Held/Info.plist;
				IPHONEOS_DEPLOYMENT_TARGET = 17.0;
				LD_RUNPATH_SEARCH_PATHS = (
					"$(inherited)",
					"@executable_path/Frameworks",
				);
				MARKETING_VERSION = 0.1.0;
				PRODUCT_BUNDLE_IDENTIFIER = com.srijak.held;
				SDKROOT = iphoneos;
				SWIFT_VERSION = 5.9;
				TARGETED_DEVICE_FAMILY = 1;
			};
			name = Release;
		};
/* End XCBuildConfiguration section */

/* Begin XCConfigurationList section */
		753D0D66AC0C254CFF9EC0E9 /* Build configuration list for PBXNativeTarget "Held" */ = {
			isa = XCConfigurationList;
			buildConfigurations = (
				B64C5486CED991875772158F /* Debug */,
				DF195472EE30CF7ED04CD14D /* Release */,
			);
			defaultConfigurationIsVisible = 0;
			defaultConfigurationName = Debug;
		};
		FA9C0785D7FD11EF0C066CD7 /* Build configuration list for PBXProject "Held" */ = {
			isa = XCConfigurationList;
			buildConfigurations = (
				40D27E788074F23078FB571A /* Debug */,
				5EADDAC6883C6C95EF7DC52F /* Release */,
			);
			defaultConfigurationIsVisible = 0;
			defaultConfigurationName = Debug;
		};
/* End XCConfigurationList section */
	};
	rootObject = CF4A823003050396249E20BE /* Project object */;
}
